{
  "version": 4,
  "terraform_version": "1.1.8",
  "serial": 54,
  "lineage": "8a924990-9c2c-c94a-1054-240d6662c724",
  "outputs": {},
  "resources": [
    {
      "mode": "managed",
      "type": "google_compute_network",
      "name": "vpc-gcp",
      "provider": "provider[\"registry.terraform.io/hashicorp/google\"]",
      "instances": [
        {
          "schema_version": 0,
          "attributes": {
            "auto_create_subnetworks": false,
            "delete_default_routes_on_create": false,
            "description": "",
            "gateway_ipv4": "",
            "id": "projects/iti-project-348511/global/networks/vpc-gcp",
            "mtu": 0,
            "name": "vpc-gcp",
            "project": "iti-project-348511",
            "routing_mode": "REGIONAL",
            "self_link": "https://www.googleapis.com/compute/v1/projects/iti-project-348511/global/networks/vpc-gcp",
            "timeouts": null
          },
          "sensitive_attributes": [],
          "private": "eyJlMmJmYjczMC1lY2FhLTExZTYtOGY4OC0zNDM2M2JjN2M0YzAiOnsiY3JlYXRlIjoxMjAwMDAwMDAwMDAwLCJkZWxldGUiOjEyMDAwMDAwMDAwMDAsInVwZGF0ZSI6MTIwMDAwMDAwMDAwMH19",
          "dependencies": [
            "google_project_service.compute",
            "google_project_service.container"
          ]
        }
      ]
    },
    {
      "mode": "managed",
      "type": "google_compute_subnetwork",
      "name": "restricted-subnet",
      "provider": "provider[\"registry.terraform.io/hashicorp/google\"]",
      "instances": [
        {
          "schema_version": 0,
          "attributes": {
            "creation_timestamp": "2022-05-06T23:49:15.384-07:00",
            "description": "",
            "external_ipv6_prefix": "",
            "fingerprint": null,
            "gateway_address": "10.0.1.1",
            "id": "projects/iti-project-348511/regions/us-central1/subnetworks/restricted-subnet",
            "ip_cidr_range": "10.0.1.0/24",
            "ipv6_access_type": "",
            "ipv6_cidr_range": "",
            "log_config": [],
            "name": "restricted-subnet",
            "network": "https://www.googleapis.com/compute/v1/projects/iti-project-348511/global/networks/vpc-gcp",
            "private_ip_google_access": true,
            "private_ipv6_google_access": "DISABLE_GOOGLE_ACCESS",
            "project": "iti-project-348511",
            "purpose": "PRIVATE",
            "region": "us-central1",
            "role": "",
            "secondary_ip_range": [
              {
                "ip_cidr_range": "10.48.0.0/14",
                "range_name": "k8s-pod-range"
              },
              {
                "ip_cidr_range": "10.52.0.0/20",
                "range_name": "k8s-service-range"
              }
            ],
            "self_link": "https://www.googleapis.com/compute/v1/projects/iti-project-348511/regions/us-central1/subnetworks/restricted-subnet",
            "stack_type": "IPV4_ONLY",
            "timeouts": null
          },
          "sensitive_attributes": [],
          "private": "eyJlMmJmYjczMC1lY2FhLTExZTYtOGY4OC0zNDM2M2JjN2M0YzAiOnsiY3JlYXRlIjoxMjAwMDAwMDAwMDAwLCJkZWxldGUiOjEyMDAwMDAwMDAwMDAsInVwZGF0ZSI6MTIwMDAwMDAwMDAwMH19",
          "dependencies": [
            "google_compute_network.vpc-gcp",
            "google_project_service.compute",
            "google_project_service.container"
          ]
        }
      ]
    },
    {
      "mode": "managed",
      "type": "google_container_cluster",
      "name": "primary",
      "provider": "provider[\"registry.terraform.io/hashicorp/google\"]",
      "instances": [
        {
          "schema_version": 1,
          "attributes": {
            "addons_config": [
              {
                "cloudrun_config": [],
                "gcp_filestore_csi_driver_config": [],
                "horizontal_pod_autoscaling": [],
                "http_load_balancing": [],
                "network_policy_config": [
                  {
                    "disabled": true
                  }
                ]
              }
            ],
            "authenticator_groups_config": [],
            "cluster_autoscaling": [
              {
                "auto_provisioning_defaults": [],
                "enabled": false,
                "resource_limits": []
              }
            ],
            "cluster_ipv4_cidr": "10.48.0.0/14",
            "confidential_nodes": [],
            "database_encryption": [
              {
                "key_name": "",
                "state": "DECRYPTED"
              }
            ],
            "datapath_provider": "",
            "default_max_pods_per_node": 110,
            "default_snat_status": [
              {
                "disabled": false
              }
            ],
            "description": "",
            "dns_config": [],
            "enable_autopilot": false,
            "enable_binary_authorization": false,
            "enable_intranode_visibility": false,
            "enable_kubernetes_alpha": false,
            "enable_legacy_abac": false,
            "enable_shielded_nodes": true,
            "enable_tpu": false,
            "endpoint": "34.71.93.29",
            "id": "projects/iti-project-348511/locations/us-central1-a/clusters/primary",
            "initial_node_count": 1,
            "ip_allocation_policy": [
              {
                "cluster_ipv4_cidr_block": "10.48.0.0/14",
                "cluster_secondary_range_name": "k8s-pod-range",
                "services_ipv4_cidr_block": "10.52.0.0/20",
                "services_secondary_range_name": "k8s-service-range"
              }
            ],
            "label_fingerprint": "a9dc16a7",
            "location": "us-central1-a",
            "logging_config": [
              {
                "enable_components": [
                  "SYSTEM_COMPONENTS",
                  "WORKLOADS"
                ]
              }
            ],
            "logging_service": "logging.googleapis.com/kubernetes",
            "maintenance_policy": [],
            "master_auth": [
              {
                "client_certificate": "",
                "client_certificate_config": [
                  {
                    "issue_client_certificate": false
                  }
                ],
                "client_key": "",
                "cluster_ca_certificate": "LS0tLS1CRUdJTiBDRVJUSUZJQ0FURS0tLS0tCk1JSUVMVENDQXBXZ0F3SUJBZ0lSQU9la2o0ZjZRVERMcnBFZzlhSjVBc2d3RFFZSktvWklodmNOQVFFTEJRQXcKTHpFdE1Dc0dBMVVFQXhNa1pESmtPVFE1T1dJdE16WTFNeTAwWm1GaExUaGlaR0V0T0dWaE5EZzJNR0prWWpkbApNQ0FYRFRJeU1EVXdOekExTlRVeE1Wb1lEekl3TlRJd05ESTVNRFkxTlRFeFdqQXZNUzB3S3dZRFZRUURFeVJrCk1tUTVORGs1WWkwek5qVXpMVFJtWVdFdE9HSmtZUzA0WldFME9EWXdZbVJpTjJVd2dnR2lNQTBHQ1NxR1NJYjMKRFFFQkFRVUFBNElCandBd2dnR0tBb0lCZ1FDcnpNNmVOcmM5UnZtRmcvWTNyYjBkY0FNblBpQkJ0Nnk5ai96RwphMXJ0UTVJNWpaMGdxN2JNR0dVYVlrUFZoazl6OTN2V3ZzR1dFRlFPRkVhcGdSNW05Y1V0TWFYVm4wS21xTFJRCjJjVXFCS2ZLZjZHWjBSZFlEbklPOXU5eThWR3h3WkZ1V1Y3WmcvT2U5SHJVdmVldjl0blEyd1U2VnFkQTl6UWoKL3BOc1V1OG42bmdlcEJza2l5S0VPNHVZblVFRjRLVzczUFNvK2FZV0s1MlRxTEFTejVmc2N3TWM0Nm9rZ040ZQppc3F1bm0wQ0sxUFJHY1AyUlVaQTF6OHR4S2U1RGhFNVRHMy9iNjhucTFuL24zQy9nRFdwOWdHNmc1bms5SUdrCk5hbjJDWFR3SnQ1V1F4WllQYzFpaGU0SWtPMWU0N2lxQ1hLQmR4WE5VaEJRcEs1aktYbFZzdUpaMU5odm9yKzAKb2cwSWtLYWRYazh6bWVmR1ZJOHhpVnFqamxHeEtsSlQ3Z0RYTDgwZzNQazJqTTBmQlpRYmNGbDZtTHN1L2JXQgp2Nk1KWEFSeXBzTnBTZ1JuY0FEOXlqZURxb0oxVmFta0UvcnRhRjR2WnNoaFpQaWJhWjVYVU9ORm00U1d5aEI2CldXRStmeDBiL0I3dTA0ZDZMVXdYR2R0STcwTUNBd0VBQWFOQ01FQXdEZ1lEVlIwUEFRSC9CQVFEQWdJRU1BOEcKQTFVZEV3RUIvd1FGTUFNQkFmOHdIUVlEVlIwT0JCWUVGT3ZOR09ZSXJXNWEyNVdPTEhPRzlZZVk2TVFETUEwRwpDU3FHU0liM0RRRUJDd1VBQTRJQmdRQ09Wd1dLSC9XQjF3VjB1TGJVajNBNFpnRFZtbjkyM0wzTHh6UnhjbERVCnMxMFVrd0NjZ1NneHBHSTcwRzdmcjhneVNYbjVHekJSdUNxUGc4R3A0OXNKeE16eWxqaWFYcy9yN2VCZWs5aHAKTnpPUEZ5MWNDUjg4enlOeWZiMS9qMFI0S3lYODAxa2dMUDk1OU9MRTd1WWwzVWtHVVRqYTNaWkhnRGlUUDNCaQpoZ0ZzK0EzQUlDM1g1OW1XdzY1cDE3K2s1YUVDMGhhSk8xY2dST0xPL0Ztd0VYZ0J0cTBhRFkrVFhKVUoxTmJSCnlrMjJDem1RNjl6aUxUdGhVTFIyK251VzZrbnhoTmZQTlpRNDJUUTNWdS9idjhMMEhYejlzTk8zRERjcnZUTGUKRnNzZ0dyRzJucmplMjkzUGxxdGZ6MGdQdmpxM2hxS1MvSzF0bmVrb2xiZytKOGpqZytrRHFMcXdTSFJBZTVTRApvODRRUm9aNTBOMCtEeVN0b2JIL1hrdWFqdDBtelNHTkFlVXNhWFNXcHFlTXJoVDBFS2dFYm85L0dCSGVrMk1XCmxlWkJ3Skh2V0xLRnVOSi9EZHZIcnU3d2lmWkxhczhZYjVvazZ5bUVuUjZGV0tKdVkxTjFBSGlvWS9yQU0wU20KU2JBd05WQWNUeEpJamlTUTNrYndHblE9Ci0tLS0tRU5EIENFUlRJRklDQVRFLS0tLS0K"
              }
            ],
            "master_authorized_networks_config": [],
            "master_version": "1.21.10-gke.2000",
            "min_master_version": null,
            "monitoring_config": [
              {
                "enable_components": [
                  "SYSTEM_COMPONENTS"
                ]
              }
            ],
            "monitoring_service": "monitoring.googleapis.com/kubernetes",
            "name": "primary",
            "network": "projects/iti-project-348511/global/networks/vpc-gcp",
            "network_policy": [
              {
                "enabled": false,
                "provider": "PROVIDER_UNSPECIFIED"
              }
            ],
            "networking_mode": "VPC_NATIVE",
            "node_config": [
              {
                "boot_disk_kms_key": "",
                "disk_size_gb": 100,
                "disk_type": "pd-standard",
                "gcfs_config": [],
                "guest_accelerator": [],
                "gvnic": [],
                "image_type": "COS_CONTAINERD",
                "labels": {
                  "role": "nodepool"
                },
                "local_ssd_count": 0,
                "machine_type": "e2-small",
                "metadata": {
                  "disable-legacy-endpoints": "true"
                },
                "min_cpu_platform": "",
                "node_group": "",
                "oauth_scopes": [
                  "https://www.googleapis.com/auth/cloud-platform"
                ],
                "preemptible": false,
                "service_account": "kubernetes@iti-project-348511.iam.gserviceaccount.com",
                "shielded_instance_config": [
                  {
                    "enable_integrity_monitoring": true,
                    "enable_secure_boot": false
                  }
                ],
                "tags": [],
                "taint": [],
                "workload_metadata_config": []
              }
            ],
            "node_locations": [
              "us-central1-b"
            ],
            "node_pool": [
              {
                "autoscaling": [],
                "initial_node_count": 2,
                "instance_group_urls": [
                  "https://www.googleapis.com/compute/v1/projects/iti-project-348511/zones/us-central1-a/instanceGroupManagers/gke-primary-nodepool-530e7685-grp",
                  "https://www.googleapis.com/compute/v1/projects/iti-project-348511/zones/us-central1-b/instanceGroupManagers/gke-primary-nodepool-6fa37fc5-grp"
                ],
                "managed_instance_group_urls": [
                  "https://www.googleapis.com/compute/v1/projects/iti-project-348511/zones/us-central1-a/instanceGroups/gke-primary-nodepool-530e7685-grp",
                  "https://www.googleapis.com/compute/v1/projects/iti-project-348511/zones/us-central1-b/instanceGroups/gke-primary-nodepool-6fa37fc5-grp"
                ],
                "management": [
                  {
                    "auto_repair": true,
                    "auto_upgrade": true
                  }
                ],
                "max_pods_per_node": 110,
                "name": "nodepool",
                "name_prefix": "",
                "node_config": [
                  {
                    "boot_disk_kms_key": "",
                    "disk_size_gb": 100,
                    "disk_type": "pd-standard",
                    "gcfs_config": [],
                    "guest_accelerator": [],
                    "gvnic": [],
                    "image_type": "COS_CONTAINERD",
                    "labels": {
                      "role": "nodepool"
                    },
                    "local_ssd_count": 0,
                    "machine_type": "e2-small",
                    "metadata": {
                      "disable-legacy-endpoints": "true"
                    },
                    "min_cpu_platform": "",
                    "node_group": "",
                    "oauth_scopes": [
                      "https://www.googleapis.com/auth/cloud-platform"
                    ],
                    "preemptible": false,
                    "service_account": "kubernetes@iti-project-348511.iam.gserviceaccount.com",
                    "shielded_instance_config": [
                      {
                        "enable_integrity_monitoring": true,
                        "enable_secure_boot": false
                      }
                    ],
                    "tags": [],
                    "taint": [],
                    "workload_metadata_config": []
                  }
                ],
                "node_count": 2,
                "node_locations": [
                  "us-central1-a",
                  "us-central1-b"
                ],
                "upgrade_settings": [
                  {
                    "max_surge": 1,
                    "max_unavailable": 0
                  }
                ],
                "version": "1.21.10-gke.2000"
              }
            ],
            "node_version": "1.21.10-gke.2000",
            "operation": null,
            "private_cluster_config": [
              {
                "enable_private_endpoint": false,
                "enable_private_nodes": true,
                "master_global_access_config": [
                  {
                    "enabled": false
                  }
                ],
                "master_ipv4_cidr_block": "172.16.0.0/28",
                "peering_name": "gke-n9f831a2ce26104bcfa8-d0d5-d99e-peer",
                "private_endpoint": "172.16.0.2",
                "public_endpoint": "34.71.93.29"
              }
            ],
            "private_ipv6_google_access": "",
            "project": "iti-project-348511",
            "release_channel": [
              {
                "channel": "REGULAR"
              }
            ],
            "remove_default_node_pool": true,
            "resource_labels": {},
            "resource_usage_export_config": [],
            "self_link": "https://container.googleapis.com/v1/projects/iti-project-348511/zones/us-central1-a/clusters/primary",
            "services_ipv4_cidr": "10.52.0.0/20",
            "subnetwork": "projects/iti-project-348511/regions/us-central1/subnetworks/restricted-subnet",
            "timeouts": null,
            "tpu_ipv4_cidr_block": "",
            "vertical_pod_autoscaling": [],
            "workload_identity_config": []
          },
          "sensitive_attributes": [],
          "private": "eyJlMmJmYjczMC1lY2FhLTExZTYtOGY4OC0zNDM2M2JjN2M0YzAiOnsiY3JlYXRlIjoyNDAwMDAwMDAwMDAwLCJkZWxldGUiOjI0MDAwMDAwMDAwMDAsInJlYWQiOjI0MDAwMDAwMDAwMDAsInVwZGF0ZSI6MzYwMDAwMDAwMDAwMH0sInNjaGVtYV92ZXJzaW9uIjoiMSJ9",
          "dependencies": [
            "google_compute_network.vpc-gcp",
            "google_compute_subnetwork.restricted-subnet",
            "google_project_service.compute",
            "google_project_service.container"
          ]
        }
      ]
    },
    {
      "mode": "managed",
      "type": "google_project_service",
      "name": "compute",
      "provider": "provider[\"registry.terraform.io/hashicorp/google\"]",
      "instances": [
        {
          "schema_version": 0,
          "attributes": {
            "disable_dependent_services": null,
            "disable_on_destroy": true,
            "id": "iti-project-348511/compute.googleapis.com",
            "project": "iti-project-348511",
            "service": "compute.googleapis.com",
            "timeouts": null
          },
          "sensitive_attributes": [],
          "private": "eyJlMmJmYjczMC1lY2FhLTExZTYtOGY4OC0zNDM2M2JjN2M0YzAiOnsiY3JlYXRlIjoxMjAwMDAwMDAwMDAwLCJkZWxldGUiOjEyMDAwMDAwMDAwMDAsInJlYWQiOjYwMDAwMDAwMDAwMCwidXBkYXRlIjoxMjAwMDAwMDAwMDAwfX0="
        }
      ]
    },
    {
      "mode": "managed",
      "type": "google_project_service",
      "name": "container",
      "provider": "provider[\"registry.terraform.io/hashicorp/google\"]",
      "instances": [
        {
          "schema_version": 0,
          "attributes": {
            "disable_dependent_services": null,
            "disable_on_destroy": true,
            "id": "iti-project-348511/container.googleapis.com",
            "project": "iti-project-348511",
            "service": "container.googleapis.com",
            "timeouts": null
          },
          "sensitive_attributes": [],
          "private": "eyJlMmJmYjczMC1lY2FhLTExZTYtOGY4OC0zNDM2M2JjN2M0YzAiOnsiY3JlYXRlIjoxMjAwMDAwMDAwMDAwLCJkZWxldGUiOjEyMDAwMDAwMDAwMDAsInJlYWQiOjYwMDAwMDAwMDAwMCwidXBkYXRlIjoxMjAwMDAwMDAwMDAwfX0="
        }
      ]
    }
  ]
}
